
Microsoft Visual Studio Solution File, Format Version 11.00
# Visual Studio 2010
Project("{FAE04EC0-301F-11D3-BF4B-00C04F79EFBC}") = "Assembly-CSharp", "Assembly-CSharp.csproj", "{ae0df2ff-65f1-9284-94e5-7b62c7981952}"
EndProject
Project("{FAE04EC0-301F-11D3-BF4B-00C04F79EFBC}") = "Assembly-CSharp-Editor", "Assembly-CSharp-Editor.csproj", "{655b6d6c-d867-2d8f-ed9d-4ba854555dd7}"
EndProject
Global
	GlobalSection(SolutionConfigurationPlatforms) = preSolution
		Debug|Any CPU = Debug|Any CPU
	EndGlobalSection
	GlobalSection(ProjectConfigurationPlatforms) = postSolution
		{ae0df2ff-65f1-9284-94e5-7b62c7981952}.Debug|Any CPU.ActiveCfg = Debug|Any CPU
		{ae0df2ff-65f1-9284-94e5-7b62c7981952}.Debug|Any CPU.Build.0 = Debug|Any CPU
		{655b6d6c-d867-2d8f-ed9d-4ba854555dd7}.Debug|Any CPU.ActiveCfg = Debug|Any CPU
		{655b6d6c-d867-2d8f-ed9d-4ba854555dd7}.Debug|Any CPU.Build.0 = Debug|Any CPU
	EndGlobalSection
	GlobalSection(SolutionProperties) = preSolution
		HideSolutionNode = FALSE
	EndGlobalSection
EndGlobal
